
Microsoft Visual Studio Solution File, Format Version 12.00
# Visual Studio Version 17
VisualStudioVersion = 17.3.32825.248
MinimumVisualStudioVersion = 10.0.40219.1
Project("{FAE04EC0-301F-11D3-BF4B-00C04F79EFBC}") = "BecomeJPEG", "BecomeJPEG.csproj", "{968918D2-C79C-456B-B0A9-E6FAF4688A48}"
EndProject
Global
	GlobalSection(SolutionConfigurationPlatforms) = preSolution
		Debug|Any CPU = Debug|Any CPU
		Release|Any CPU = Release|Any CPU
	EndGlobalSection
	GlobalSection(ProjectConfigurationPlatforms) = postSolution
		{968918D2-C79C-456B-B0A9-E6FAF4688A48}.Debug|Any CPU.ActiveCfg = Debug|Any CPU
		{968918D2-C79C-456B-B0A9-E6FAF4688A48}.Debug|Any CPU.Build.0 = Debug|Any CPU
		{968918D2-C79C-456B-B0A9-E6FAF4688A48}.Release|Any CPU.ActiveCfg = Release|Any CPU
		{968918D2-C79C-456B-B0A9-E6FAF4688A48}.Release|Any CPU.Build.0 = Release|Any CPU
	EndGlobalSection
	GlobalSection(SolutionProperties) = preSolution
		HideSolutionNode = FALSE
	EndGlobalSection
	GlobalSection(ExtensibilityGlobals) = postSolution
		SolutionGuid = {B7DD4E0D-5265-4B0C-8F08-41D0DD542387}
	EndGlobalSection
EndGlobal
